{
  "version": "5",
  "specifiers": {
    "jsr:@404wolf/xdg-portable@0.1": "0.1.0",
    "jsr:@cfa/gitignore-parser@~0.1.4": "0.1.4",
    "jsr:@cliffy/ansi@1.0.0-rc.8": "1.0.0-rc.8",
    "jsr:@cliffy/ansi@^1.0.0-rc.8": "1.0.0-rc.8",
    "jsr:@cliffy/command@^1.0.0-rc.8": "1.0.0-rc.8",
    "jsr:@cliffy/flags@1.0.0-rc.8": "1.0.0-rc.8",
    "jsr:@cliffy/internal@1.0.0-rc.8": "1.0.0-rc.8",
    "jsr:@cliffy/keycode@1.0.0-rc.8": "1.0.0-rc.8",
    "jsr:@cliffy/prompt@^1.0.0-rc.8": "1.0.0-rc.8",
    "jsr:@cliffy/table@1.0.0-rc.8": "1.0.0-rc.8",
    "jsr:@jonasschiano/kia@0.0.120": "0.0.120",
    "jsr:@std/assert@^1.0.14": "1.0.15",
    "jsr:@std/assert@~1.0.6": "1.0.15",
    "jsr:@std/async@^1.0.14": "1.0.15",
    "jsr:@std/bytes@^1.0.5": "1.0.6",
    "jsr:@std/cache@0.2": "0.2.0",
    "jsr:@std/collections@^1.1.3": "1.1.3",
    "jsr:@std/dotenv@~0.225.5": "0.225.5",
    "jsr:@std/encoding@~1.0.5": "1.0.10",
    "jsr:@std/fmt@1.0.5": "1.0.5",
    "jsr:@std/fmt@~1.0.2": "1.0.8",
    "jsr:@std/fs@^1.0.19": "1.0.19",
    "jsr:@std/internal@^1.0.10": "1.0.12",
    "jsr:@std/internal@^1.0.12": "1.0.12",
    "jsr:@std/internal@^1.0.9": "1.0.12",
    "jsr:@std/io@~0.224.9": "0.224.9",
    "jsr:@std/io@~0.225.2": "0.225.2",
    "jsr:@std/path@^1.0.8": "1.1.2",
    "jsr:@std/path@^1.1.1": "1.1.2",
    "jsr:@std/path@^1.1.2": "1.1.2",
    "jsr:@std/path@~1.0.6": "1.0.9",
    "jsr:@std/random@~0.1.2": "0.1.3",
    "jsr:@std/text@^1.0.16": "1.0.16",
    "jsr:@std/text@~1.0.7": "1.0.16",
    "jsr:@std/yaml@^1.0.9": "1.0.10",
    "jsr:@valtown/sdk@2": "2.0.0",
    "jsr:@valtown/vt@~0.1.48": "0.1.48",
    "npm:@types/bun@latest": "1.3.1",
    "npm:@types/node@*": "24.2.0",
    "npm:deno@latest": "2.5.4",
    "npm:emphasize@7": "7.0.0",
    "npm:highlight.js@^11.11.1": "11.11.1",
    "npm:open@^10.2.0": "10.2.0",
    "npm:word-wrap@^1.2.5": "1.2.5",
    "npm:zod-to-json-schema@^3.24.6": "3.24.6_zod@3.25.76",
    "npm:zod-validation-error@^4.0.2": "4.0.2_zod@3.25.76",
    "npm:zod@^3.24.2": "3.25.76"
  },
  "jsr": {
    "@404wolf/xdg-portable@0.1.0": {
      "integrity": "3a54d193601165deede0f84ab0a3e731ad8a1707ac4efa93c2a3db51ff270247",
      "dependencies": [
        "jsr:@std/path@^1.0.8"
      ]
    },
    "@cfa/gitignore-parser@0.1.4": {
      "integrity": "60d3563bbd7b8797f50c28585d7d74d231fbb56a1d9df7b0673c27cbdf60a23a"
    },
    "@cliffy/ansi@1.0.0-rc.8": {
      "integrity": "ba37f10ce55bbfbdd8ddd987f91f029b17bce88385b98ba3058870f3b007b80c",
      "dependencies": [
        "jsr:@cliffy/internal",
        "jsr:@std/encoding",
        "jsr:@std/fmt@~1.0.2",
        "jsr:@std/io@~0.224.9"
      ]
    },
    "@cliffy/command@1.0.0-rc.8": {
      "integrity": "758147790797c74a707e5294cc7285df665422a13d2a483437092ffce40b5557",
      "dependencies": [
        "jsr:@cliffy/flags",
        "jsr:@cliffy/internal",
        "jsr:@cliffy/table",
        "jsr:@std/fmt@~1.0.2",
        "jsr:@std/text@~1.0.7"
      ]
    },
    "@cliffy/flags@1.0.0-rc.8": {
      "integrity": "0f1043ce6ef037ba1cb5fe6b1bcecb25dc2f29371a1c17f278ab0f45e4b6f46c",
      "dependencies": [
        "jsr:@std/text@~1.0.7"
      ]
    },
    "@cliffy/internal@1.0.0-rc.8": {
      "integrity": "34cdf2fad9b084b5aed493b138d573f52d4e988767215f7460daf0b918ff43d8"
    },
    "@cliffy/keycode@1.0.0-rc.8": {
      "integrity": "76dbf85a67ec0aea2e29ca049b8507b6b3f62a2a971bd744d8d3fc447c177cd9"
    },
    "@cliffy/prompt@1.0.0-rc.8": {
      "integrity": "eba403ea1d47b9971bf2210fa35f4dc7ebd2aba87beec9540ae47552806e2f25",
      "dependencies": [
        "jsr:@cliffy/ansi@1.0.0-rc.8",
        "jsr:@cliffy/internal",
        "jsr:@cliffy/keycode",
        "jsr:@std/assert@~1.0.6",
        "jsr:@std/fmt@~1.0.2",
        "jsr:@std/io@~0.224.9",
        "jsr:@std/path@~1.0.6",
        "jsr:@std/text@~1.0.7"
      ]
    },
    "@cliffy/table@1.0.0-rc.8": {
      "integrity": "8bbcdc2ba5e0061b4b13810a24e6f5c6ab19c09f0cce9eb691ccd76c7c6c9db5",
      "dependencies": [
        "jsr:@std/fmt@~1.0.2"
      ]
    },
    "@jonasschiano/kia@0.0.120": {
      "integrity": "6b88a98a10788ada17bde6accae2d807cabc4a610eff86446f7c7c05c8429309",
      "dependencies": [
        "jsr:@std/fmt@1.0.5",
        "jsr:@std/io@~0.225.2"
      ]
    },
    "@std/assert@1.0.15": {
      "integrity": "d64018e951dbdfab9777335ecdb000c0b4e3df036984083be219ce5941e4703b",
      "dependencies": [
        "jsr:@std/internal@^1.0.12"
      ]
    },
    "@std/async@1.0.15": {
      "integrity": "55d1d9d04f99403fe5730ab16bdcc3c47f658a6bf054cafb38a50f046238116e"
    },
    "@std/bytes@1.0.6": {
      "integrity": "f6ac6adbd8ccd99314045f5703e23af0a68d7f7e58364b47d2c7f408aeb5820a"
    },
    "@std/cache@0.2.0": {
      "integrity": "63a2ccd5a9e7c03e430f7d34dfcfd0d0cfc90731a1eaf8208f4c66e418fc3035"
    },
    "@std/collections@1.1.3": {
      "integrity": "bf8b0818886df6a32b64c7d3b037a425111f28278d69fd0995aeb62777c986b0"
    },
    "@std/dotenv@0.225.5": {
      "integrity": "9ce6f9d0ec3311f74a32535aa1b8c62ed88b1ab91b7f0815797d77a6f60c922f"
    },
    "@std/encoding@1.0.10": {
      "integrity": "8783c6384a2d13abd5e9e87a7ae0520a30e9f56aeeaa3bdf910a3eaaf5c811a1"
    },
    "@std/fmt@1.0.5": {
      "integrity": "0cfab43364bc36650d83c425cd6d99910fc20c4576631149f0f987eddede1a4d"
    },
    "@std/fmt@1.0.8": {
      "integrity": "71e1fc498787e4434d213647a6e43e794af4fd393ef8f52062246e06f7e372b7"
    },
    "@std/fs@1.0.19": {
      "integrity": "051968c2b1eae4d2ea9f79a08a3845740ef6af10356aff43d3e2ef11ed09fb06",
      "dependencies": [
        "jsr:@std/internal@^1.0.9",
        "jsr:@std/path@^1.1.1"
      ]
    },
    "@std/internal@1.0.12": {
      "integrity": "972a634fd5bc34b242024402972cd5143eac68d8dffaca5eaa4dba30ce17b027"
    },
    "@std/io@0.224.9": {
      "integrity": "4414664b6926f665102e73c969cfda06d2c4c59bd5d0c603fd4f1b1c840d6ee3"
    },
    "@std/io@0.225.2": {
      "integrity": "3c740cd4ee4c082e6cfc86458f47e2ab7cb353dc6234d5e9b1f91a2de5f4d6c7",
      "dependencies": [
        "jsr:@std/bytes"
      ]
    },
    "@std/path@1.0.9": {
      "integrity": "260a49f11edd3db93dd38350bf9cd1b4d1366afa98e81b86167b4e3dd750129e"
    },
    "@std/path@1.1.2": {
      "integrity": "c0b13b97dfe06546d5e16bf3966b1cadf92e1cc83e56ba5476ad8b498d9e3038",
      "dependencies": [
        "jsr:@std/internal@^1.0.10"
      ]
    },
    "@std/random@0.1.3": {
      "integrity": "a688ffde2d883be70fdebe87ff295fb043f5c3d75f549505a8cc53776f3d0b71"
    },
    "@std/text@1.0.16": {
      "integrity": "ddb9853b75119a2473857d691cf1ec02ad90793a2e8b4a4ac49d7354281a0cf8"
    },
    "@std/yaml@1.0.10": {
      "integrity": "245706ea3511cc50c8c6d00339c23ea2ffa27bd2c7ea5445338f8feff31fa58e"
    },
    "@valtown/sdk@2.0.0": {
      "integrity": "f30bd7dfe91cd82201353e70ebee72f8f52c7fc75ae8e13f507b0ff5d9470524"
    },
    "@valtown/vt@0.1.48": {
      "integrity": "b4299a65830eb5ffb4123218172ff3c88f0847f13852258653b83c12a468ef73",
      "dependencies": [
        "jsr:@404wolf/xdg-portable",
        "jsr:@cfa/gitignore-parser",
        "jsr:@cliffy/ansi@^1.0.0-rc.8",
        "jsr:@cliffy/command",
        "jsr:@cliffy/prompt",
        "jsr:@cliffy/table",
        "jsr:@jonasschiano/kia",
        "jsr:@std/assert@^1.0.14",
        "jsr:@std/async",
        "jsr:@std/cache",
        "jsr:@std/collections",
        "jsr:@std/dotenv",
        "jsr:@std/fs",
        "jsr:@std/path@^1.1.2",
        "jsr:@std/random",
        "jsr:@std/text@^1.0.16",
        "jsr:@std/yaml",
        "jsr:@valtown/sdk",
        "npm:emphasize",
        "npm:highlight.js",
        "npm:open",
        "npm:word-wrap",
        "npm:zod",
        "npm:zod-to-json-schema",
        "npm:zod-validation-error"
      ]
    }
  },
  "npm": {
    "@deno/darwin-arm64@2.5.4": {
      "integrity": "sha512-FWybfOwt0d3v4m9EMZd+0cEMTSHjZfoOomT9drK/mwa8uoZQ6PpQzjhlg9lIX2DCP92vZ+Miy4c1c6r0orSzjQ==",
      "os": ["darwin"],
      "cpu": ["arm64"]
    },
    "@deno/darwin-x64@2.5.4": {
      "integrity": "sha512-uiP24gbIMzLya8DjP+lg3z/Ysnm0rmWVPOT36+nHS5UsO08+eArkAcKMxj7IfVPw1fzl8M8tpHt6d18amdnMJw==",
      "os": ["darwin"],
      "cpu": ["x64"]
    },
    "@deno/linux-arm64-glibc@2.5.4": {
      "integrity": "sha512-szui2JOiwozBkYRMN+xQGNyrVEel3kpGRKoy9k+kOMWtsu7F/36mLn1dr3hRNV0NmkRtwIyee1DosDVhd0lPlg==",
      "os": ["linux"],
      "cpu": ["arm64"]
    },
    "@deno/linux-x64-glibc@2.5.4": {
      "integrity": "sha512-HEsUi9vUtrG19uSoILLs+D3/x4U3DUaCYSbsN4frvilbT3A/y3XO6t1OR8LikZ4K4mN6Ur6mS6NOdZbzV4PR/Q==",
      "os": ["linux"],
      "cpu": ["x64"]
    },
    "@deno/win32-arm64@2.5.4": {
      "integrity": "sha512-WjAXS8kfRrmeR4pJ4pZMfqgP/74canKOS6iJv4DMYSPQiv9DBEcNWj7trbsRuYUZQephNC+7KrACrk0kpriNwg==",
      "os": ["win32"],
      "cpu": ["arm64"]
    },
    "@deno/win32-x64@2.5.4": {
      "integrity": "sha512-OYgHzdfrNX3iDdPCq5CkulPZ7tVj+bTzA7MX9SGkUgaIxLn16xG3RUK4L2MMRwaxBARcb5TT4eySC43tB9gE4Q==",
      "os": ["win32"],
      "cpu": ["x64"]
    },
    "@types/bun@1.3.1": {
      "integrity": "sha512-4jNMk2/K9YJtfqwoAa28c8wK+T7nvJFOjxI4h/7sORWcypRNxBpr+TPNaCfVWq70tLCJsqoFwcf0oI0JU/fvMQ==",
      "dependencies": [
        "bun-types"
      ]
    },
    "@types/hast@3.0.4": {
      "integrity": "sha512-WPs+bbQw5aCj+x6laNGWLH3wviHtoCv/P3+otBhbOhJgG8qtpdAMlTCxLtsTWA7LH1Oh/bFCHsBn0TPS5m30EQ==",
      "dependencies": [
        "@types/unist"
      ]
    },
    "@types/node@24.2.0": {
      "integrity": "sha512-3xyG3pMCq3oYCNg7/ZP+E1ooTaGB4cG8JWRsqqOYQdbWNY4zbaV0Ennrd7stjiJEFZCaybcIgpTjJWHRfBSIDw==",
      "dependencies": [
        "undici-types"
      ]
    },
    "@types/react@19.2.2": {
      "integrity": "sha512-6mDvHUFSjyT2B2yeNx2nUgMxh9LtOWvkhIU3uePn2I2oyNymUAX1NIsdgviM4CH+JSrp2D2hsMvJOkxY+0wNRA==",
      "dependencies": [
        "csstype"
      ]
    },
    "@types/unist@3.0.3": {
      "integrity": "sha512-ko/gIFJRv177XgZsZcBwnqJN5x/Gien8qNOn0D5bQU/zAzVf9Zt3BlcUiLqhV9y4ARk0GbT3tnUiPNgnTXzc/Q=="
    },
    "bun-types@1.3.1_@types+react@19.2.2": {
      "integrity": "sha512-NMrcy7smratanWJ2mMXdpatalovtxVggkj11bScuWuiOoXTiKIu2eVS1/7qbyI/4yHedtsn175n4Sm4JcdHLXw==",
      "dependencies": [
        "@types/node",
        "@types/react"
      ]
    },
    "bundle-name@4.1.0": {
      "integrity": "sha512-tjwM5exMg6BGRI+kNmTntNsvdZS1X8BFYS6tnJ2hdH0kVxM6/eVZ2xy+FqStSWvYmtfFMDLIxurorHwDKfDz5Q==",
      "dependencies": [
        "run-applescript"
      ]
    },
    "chalk@5.6.2": {
      "integrity": "sha512-7NzBL0rN6fMUW+f7A6Io4h40qQlG+xGmtMxfbnH/K7TAtt8JQWVQK+6g0UXKMeVJoyV5EkkNsErQ8pVD3bLHbA=="
    },
    "csstype@3.1.3": {
      "integrity": "sha512-M1uQkMl8rQK/szD0LNhtqxIPLpimGm8sOBwU7lLnCpSbTyY3yeU1Vc7l4KT5zT4s/yOxHH5O7tIuuLOCnLADRw=="
    },
    "default-browser-id@5.0.0": {
      "integrity": "sha512-A6p/pu/6fyBcA1TRz/GqWYPViplrftcW2gZC9q79ngNCKAeR/X3gcEdXQHl4KNXV+3wgIJ1CPkJQ3IHM6lcsyA=="
    },
    "default-browser@5.2.1": {
      "integrity": "sha512-WY/3TUME0x3KPYdRRxEJJvXRHV4PyPoUsxtZa78lwItwRQRHhd2U9xOscaT/YTf8uCXIAjeJOFBVEh/7FtD8Xg==",
      "dependencies": [
        "bundle-name",
        "default-browser-id"
      ]
    },
    "define-lazy-prop@3.0.0": {
      "integrity": "sha512-N+MeXYoqr3pOgn8xfyRPREN7gHakLYjhsHhWGT3fWAiL4IkAt0iDw14QiiEm2bE30c5XX5q0FtAA3CK5f9/BUg=="
    },
    "deno@2.5.4": {
      "integrity": "sha512-2TEB4HtIuSnzN6WBvIDXFgcVCyOZdDA5iiEL3iwIzC+tskOTcabxuVkVQCwWscFSYzYiI79kLZDMFXsSzB6j1Q==",
      "optionalDependencies": [
        "@deno/darwin-arm64",
        "@deno/darwin-x64",
        "@deno/linux-arm64-glibc",
        "@deno/linux-x64-glibc",
        "@deno/win32-arm64",
        "@deno/win32-x64"
      ],
      "scripts": true,
      "bin": true
    },
    "dequal@2.0.3": {
      "integrity": "sha512-0je+qPKHEMohvfRTCEo3CrPG6cAzAYgmzKyxRiYSSDkS6eGJdyVJm7WaYA5ECaAD9wLB2T4EEeymA5aFVcYXCA=="
    },
    "devlop@1.1.0": {
      "integrity": "sha512-RWmIqhcFf1lRYBvNmr7qTNuyCt/7/ns2jbpp1+PalgE/rDQcBT0fioSMUpJ93irlUhC5hrg4cYqe6U+0ImW0rA==",
      "dependencies": [
        "dequal"
      ]
    },
    "emphasize@7.0.0": {
      "integrity": "sha512-jdFCDyt+YetBXO12VwK4AiLsMCvkZ3IBxMVIJddB+25EwIL0VETBgpvPkJl63+JyAgaQ5Wja10qWMoXXC95JNg==",
      "dependencies": [
        "@types/hast",
        "chalk",
        "highlight.js@11.9.0",
        "lowlight"
      ]
    },
    "highlight.js@11.11.1": {
      "integrity": "sha512-Xwwo44whKBVCYoliBQwaPvtd/2tYFkRQtXDWj1nackaV2JPXx3L0+Jvd8/qCJ2p+ML0/XVkJ2q+Mr+UVdpJK5w=="
    },
    "highlight.js@11.9.0": {
      "integrity": "sha512-fJ7cW7fQGCYAkgv4CPfwFHrfd/cLS4Hau96JuJ+ZTOWhjnhoeN1ub1tFmALm/+lW5z4WCAuAV9bm05AP0mS6Gw=="
    },
    "is-docker@3.0.0": {
      "integrity": "sha512-eljcgEDlEns/7AXFosB5K/2nCM4P7FQPkGc/DWLy5rmFEWvZayGrik1d9/QIY5nJ4f9YsVvBkA6kJpHn9rISdQ==",
      "bin": true
    },
    "is-inside-container@1.0.0": {
      "integrity": "sha512-KIYLCCJghfHZxqjYBE7rEy0OBuTd5xCHS7tHVgvCLkx7StIoaxwNW3hCALgEUjFfeRk+MG/Qxmp/vtETEF3tRA==",
      "dependencies": [
        "is-docker"
      ],
      "bin": true
    },
    "is-wsl@3.1.0": {
      "integrity": "sha512-UcVfVfaK4Sc4m7X3dUSoHoozQGBEFeDC+zVo06t98xe8CzHSZZBekNXH+tu0NalHolcJ/QAGqS46Hef7QXBIMw==",
      "dependencies": [
        "is-inside-container"
      ]
    },
    "lowlight@3.1.0": {
      "integrity": "sha512-CEbNVoSikAxwDMDPjXlqlFYiZLkDJHwyGu/MfOsJnF3d7f3tds5J3z8s/l9TMXhzfsJCCJEAsD78842mwmg0PQ==",
      "dependencies": [
        "@types/hast",
        "devlop",
        "highlight.js@11.9.0"
      ]
    },
    "open@10.2.0": {
      "integrity": "sha512-YgBpdJHPyQ2UE5x+hlSXcnejzAvD0b22U2OuAP+8OnlJT+PjWPxtgmGqKKc+RgTM63U9gN0YzrYc71R2WT/hTA==",
      "dependencies": [
        "default-browser",
        "define-lazy-prop",
        "is-inside-container",
        "wsl-utils"
      ]
    },
    "run-applescript@7.1.0": {
      "integrity": "sha512-DPe5pVFaAsinSaV6QjQ6gdiedWDcRCbUuiQfQa2wmWV7+xC9bGulGI8+TdRmoFkAPaBXk8CrAbnlY2ISniJ47Q=="
    },
    "undici-types@7.10.0": {
      "integrity": "sha512-t5Fy/nfn+14LuOc2KNYg75vZqClpAiqscVvMygNnlsHBFpSXdJaYtXMcdNLpl/Qvc3P2cB3s6lOV51nqsFq4ag=="
    },
    "word-wrap@1.2.5": {
      "integrity": "sha512-BN22B5eaMMI9UMtjrGd5g5eCYPpCPDUy0FJXbYsaT5zYxjFOckS53SQDE3pWkVoWpHXVb3BrYcEN4Twa55B5cA=="
    },
    "wsl-utils@0.1.0": {
      "integrity": "sha512-h3Fbisa2nKGPxCpm89Hk33lBLsnaGBvctQopaBSOW/uIs6FTe1ATyAnKFJrzVs9vpGdsTe73WF3V4lIsk4Gacw==",
      "dependencies": [
        "is-wsl"
      ]
    },
    "zod-to-json-schema@3.24.6_zod@3.25.76": {
      "integrity": "sha512-h/z3PKvcTcTetyjl1fkj79MHNEjm+HpD6NXheWjzOekY7kV+lwDYnHw+ivHkijnCSMz1yJaWBD9vu/Fcmk+vEg==",
      "dependencies": [
        "zod"
      ]
    },
    "zod-validation-error@4.0.2_zod@3.25.76": {
      "integrity": "sha512-Q6/nZLe6jxuU80qb/4uJ4t5v2VEZ44lzQjPDhYJNztRQ4wyWc6VF3D3Kb/fAuPetZQnhS3hnajCf9CsWesghLQ==",
      "dependencies": [
        "zod"
      ]
    },
    "zod@3.25.76": {
      "integrity": "sha512-gzUt/qt81nXsFGKIFcC3YnfEAx5NkunCfnDlvuBSSFS02bcXu4Lmea0AFIUwbLWxWPx3d9p8S5QoaujKcNQxcQ=="
    }
  },
  "workspace": {
    "dependencies": [
      "jsr:@valtown/vt@~0.1.48"
    ],
    "packageJson": {
      "dependencies": [
        "npm:@types/bun@latest",
        "npm:deno@latest"
      ]
    }
  }
}
